// !$*UTF8*$!
{
	archiveVersion = 1;
	classes = {
	};
	objectVersion = 46;
	objects = {

/* Begin PBXBuildFile section */
		A792C76718F9ECD20095EA22 /* Foundation.framework in Frameworks */ = {isa = PBXBuildFile; fileRef = A792C76618F9ECD20095EA22 /* Foundation.framework */; };
		A792C76918F9ECD20095EA22 /* CoreGraphics.framework in Frameworks */ = {isa = PBXBuildFile; fileRef = A792C76818F9ECD20095EA22 /* CoreGraphics.framework */; };
		A792C76B18F9ECD20095EA22 /* UIKit.framework in Frameworks */ = {isa = PBXBuildFile; fileRef = A792C76A18F9ECD20095EA22 /* UIKit.framework */; };
		A792C76D18F9ECD20095EA22 /* CoreData.framework in Frameworks */ = {isa = PBXBuildFile; fileRef = A792C76C18F9ECD20095EA22 /* CoreData.framework */; };
		A792C77318F9ECD30095EA22 /* InfoPlist.strings in Resources */ = {isa = PBXBuildFile; fileRef = A792C77118F9ECD30095EA22 /* InfoPlist.strings */; };
		A792C77518F9ECD30095EA22 /* main.m in Sources */ = {isa = PBXBuildFile; fileRef = A792C77418F9ECD30095EA22 /* main.m */; };
		A792C77918F9ECD30095EA22 /* AppDelegate.m in Sources */ = {isa = PBXBuildFile; fileRef = A792C77818F9ECD30095EA22 /* AppDelegate.m */; };
		A792C77C18F9ECD30095EA22 /* ArrayDiffExample.xcdatamodeld in Sources */ = {isa = PBXBuildFile; fileRef = A792C77A18F9ECD30095EA22 /* ArrayDiffExample.xcdatamodeld */; };
		A792C77E18F9ECD30095EA22 /* Images.xcassets in Resources */ = {isa = PBXBuildFile; fileRef = A792C77D18F9ECD30095EA22 /* Images.xcassets */; };
		A792C78518F9ECD30095EA22 /* XCTest.framework in Frameworks */ = {isa = PBXBuildFile; fileRef = A792C78418F9ECD30095EA22 /* XCTest.framework */; };
		A792C78618F9ECD30095EA22 /* Foundation.framework in Frameworks */ = {isa = PBXBuildFile; fileRef = A792C76618F9ECD20095EA22 /* Foundation.framework */; };
		A792C78718F9ECD30095EA22 /* UIKit.framework in Frameworks */ = {isa = PBXBuildFile; fileRef = A792C76A18F9ECD20095EA22 /* UIKit.framework */; };
		A792C78818F9ECD30095EA22 /* CoreData.framework in Frameworks */ = {isa = PBXBuildFile; fileRef = A792C76C18F9ECD20095EA22 /* CoreData.framework */; };
		A792C79018F9ECD30095EA22 /* InfoPlist.strings in Resources */ = {isa = PBXBuildFile; fileRef = A792C78E18F9ECD30095EA22 /* InfoPlist.strings */; };
		A792C79218F9ECD30095EA22 /* ArrayDiffExampleTests.m in Sources */ = {isa = PBXBuildFile; fileRef = A792C79118F9ECD30095EA22 /* ArrayDiffExampleTests.m */; };
		A7FFB43C18FA8BAD00510BF2 /* Person.m in Sources */ = {isa = PBXBuildFile; fileRef = A7FFB43B18FA8BAD00510BF2 /* Person.m */; };
		A7FFB43F18FAA3A500510BF2 /* PeopleCollectionViewController.m in Sources */ = {isa = PBXBuildFile; fileRef = A7FFB43E18FAA3A500510BF2 /* PeopleCollectionViewController.m */; };
		A7FFB44218FAA9D500510BF2 /* PersonCollectionViewCell.m in Sources */ = {isa = PBXBuildFile; fileRef = A7FFB44118FAA9D500510BF2 /* PersonCollectionViewCell.m */; };
		A7FFB44518FAAC2F00510BF2 /* PeopleCollectionViewHeader.m in Sources */ = {isa = PBXBuildFile; fileRef = A7FFB44418FAAC2F00510BF2 /* PeopleCollectionViewHeader.m */; };
		A7FFB44718FAAEEA00510BF2 /* libArrayDiff.a in Frameworks */ = {isa = PBXBuildFile; fileRef = A7FFB44618FAAEEA00510BF2 /* libArrayDiff.a */; };
		A7FFB44A18FAB8A500510BF2 /* PeopleTableViewController.m in Sources */ = {isa = PBXBuildFile; fileRef = A7FFB44918FAB8A500510BF2 /* PeopleTableViewController.m */; };
		A7FFB44D18FADC9F00510BF2 /* ExamplesViewController.m in Sources */ = {isa = PBXBuildFile; fileRef = A7FFB44C18FADC9F00510BF2 /* ExamplesViewController.m */; };
		A7FFB45018FB0D2600510BF2 /* PeopleViewController.m in Sources */ = {isa = PBXBuildFile; fileRef = A7FFB44F18FB0D2600510BF2 /* PeopleViewController.m */; };
/* End PBXBuildFile section */

/* Begin PBXContainerItemProxy section */
		A792C78918F9ECD30095EA22 /* PBXContainerItemProxy */ = {
			isa = PBXContainerItemProxy;
			containerPortal = A792C75B18F9ECD20095EA22 /* Project object */;
			proxyType = 1;
			remoteGlobalIDString = A792C76218F9ECD20095EA22;
			remoteInfo = ArrayDiffExample;
		};
/* End PBXContainerItemProxy section */

/* Begin PBXFileReference section */
		A792C76318F9ECD20095EA22 /* ArrayDiffExample.app */ = {isa = PBXFileReference; explicitFileType = wrapper.application; includeInIndex = 0; path = ArrayDiffExample.app; sourceTree = BUILT_PRODUCTS_DIR; };
		A792C76618F9ECD20095EA22 /* Foundation.framework */ = {isa = PBXFileReference; lastKnownFileType = wrapper.framework; name = Foundation.framework; path = System/Library/Frameworks/Foundation.framework; sourceTree = SDKROOT; };
		A792C76818F9ECD20095EA22 /* CoreGraphics.framework */ = {isa = PBXFileReference; lastKnownFileType = wrapper.framework; name = CoreGraphics.framework; path = System/Library/Frameworks/CoreGraphics.framework; sourceTree = SDKROOT; };
		A792C76A18F9ECD20095EA22 /* UIKit.framework */ = {isa = PBXFileReference; lastKnownFileType = wrapper.framework; name = UIKit.framework; path = System/Library/Frameworks/UIKit.framework; sourceTree = SDKROOT; };
		A792C76C18F9ECD20095EA22 /* CoreData.framework */ = {isa = PBXFileReference; lastKnownFileType = wrapper.framework; name = CoreData.framework; path = System/Library/Frameworks/CoreData.framework; sourceTree = SDKROOT; };
		A792C77018F9ECD30095EA22 /* ArrayDiffExample-Info.plist */ = {isa = PBXFileReference; lastKnownFileType = text.plist.xml; path = "ArrayDiffExample-Info.plist"; sourceTree = "<group>"; };
		A792C77218F9ECD30095EA22 /* en */ = {isa = PBXFileReference; lastKnownFileType = text.plist.strings; name = en; path = en.lproj/InfoPlist.strings; sourceTree = "<group>"; };
		A792C77418F9ECD30095EA22 /* main.m */ = {isa = PBXFileReference; lastKnownFileType = sourcecode.c.objc; path = main.m; sourceTree = "<group>"; };
		A792C77618F9ECD30095EA22 /* ArrayDiffExample-Prefix.pch */ = {isa = PBXFileReference; lastKnownFileType = sourcecode.c.h; path = "ArrayDiffExample-Prefix.pch"; sourceTree = "<group>"; };
		A792C77718F9ECD30095EA22 /* AppDelegate.h */ = {isa = PBXFileReference; lastKnownFileType = sourcecode.c.h; path = AppDelegate.h; sourceTree = "<group>"; };
		A792C77818F9ECD30095EA22 /* AppDelegate.m */ = {isa = PBXFileReference; lastKnownFileType = sourcecode.c.objc; path = AppDelegate.m; sourceTree = "<group>"; };
		A792C77B18F9ECD30095EA22 /* ArrayDiffExample.xcdatamodel */ = {isa = PBXFileReference; lastKnownFileType = wrapper.xcdatamodel; path = ArrayDiffExample.xcdatamodel; sourceTree = "<group>"; };
		A792C77D18F9ECD30095EA22 /* Images.xcassets */ = {isa = PBXFileReference; lastKnownFileType = folder.assetcatalog; path = Images.xcassets; sourceTree = "<group>"; };
		A792C78318F9ECD30095EA22 /* ArrayDiffExampleTests.xctest */ = {isa = PBXFileReference; explicitFileType = wrapper.cfbundle; includeInIndex = 0; path = ArrayDiffExampleTests.xctest; sourceTree = BUILT_PRODUCTS_DIR; };
		A792C78418F9ECD30095EA22 /* XCTest.framework */ = {isa = PBXFileReference; lastKnownFileType = wrapper.framework; name = XCTest.framework; path = Library/Frameworks/XCTest.framework; sourceTree = DEVELOPER_DIR; };
		A792C78D18F9ECD30095EA22 /* ArrayDiffExampleTests-Info.plist */ = {isa = PBXFileReference; lastKnownFileType = text.plist.xml; path = "ArrayDiffExampleTests-Info.plist"; sourceTree = "<group>"; };
		A792C78F18F9ECD30095EA22 /* en */ = {isa = PBXFileReference; lastKnownFileType = text.plist.strings; name = en; path = en.lproj/InfoPlist.strings; sourceTree = "<group>"; };
		A792C79118F9ECD30095EA22 /* ArrayDiffExampleTests.m */ = {isa = PBXFileReference; lastKnownFileType = sourcecode.c.objc; path = ArrayDiffExampleTests.m; sourceTree = "<group>"; };
		A7FFB43A18FA8BAD00510BF2 /* Person.h */ = {isa = PBXFileReference; fileEncoding = 4; lastKnownFileType = sourcecode.c.h; path = Person.h; sourceTree = "<group>"; };
		A7FFB43B18FA8BAD00510BF2 /* Person.m */ = {isa = PBXFileReference; fileEncoding = 4; lastKnownFileType = sourcecode.c.objc; path = Person.m; sourceTree = "<group>"; };
		A7FFB43D18FAA3A500510BF2 /* PeopleCollectionViewController.h */ = {isa = PBXFileReference; fileEncoding = 4; lastKnownFileType = sourcecode.c.h; path = PeopleCollectionViewController.h; sourceTree = "<group>"; };
		A7FFB43E18FAA3A500510BF2 /* PeopleCollectionViewController.m */ = {isa = PBXFileReference; fileEncoding = 4; lastKnownFileType = sourcecode.c.objc; path = PeopleCollectionViewController.m; sourceTree = "<group>"; };
		A7FFB44018FAA9D500510BF2 /* PersonCollectionViewCell.h */ = {isa = PBXFileReference; fileEncoding = 4; lastKnownFileType = sourcecode.c.h; path = PersonCollectionViewCell.h; sourceTree = "<group>"; };
		A7FFB44118FAA9D500510BF2 /* PersonCollectionViewCell.m */ = {isa = PBXFileReference; fileEncoding = 4; lastKnownFileType = sourcecode.c.objc; path = PersonCollectionViewCell.m; sourceTree = "<group>"; };
		A7FFB44318FAAC2F00510BF2 /* PeopleCollectionViewHeader.h */ = {isa = PBXFileReference; fileEncoding = 4; lastKnownFileType = sourcecode.c.h; path = PeopleCollectionViewHeader.h; sourceTree = "<group>"; };
		A7FFB44418FAAC2F00510BF2 /* PeopleCollectionViewHeader.m */ = {isa = PBXFileReference; fileEncoding = 4; lastKnownFileType = sourcecode.c.objc; path = PeopleCollectionViewHeader.m; sourceTree = "<group>"; };
		A7FFB44618FAAEEA00510BF2 /* libArrayDiff.a */ = {isa = PBXFileReference; lastKnownFileType = archive.ar; name = libArrayDiff.a; path = "../../../../Library/Developer/Xcode/DerivedData/ArrayDiff-gibakdnrkaivsxadcrmflvsgvzlt/Build/Products/Debug-iphoneos/libArrayDiff.a"; sourceTree = "<group>"; };
		A7FFB44818FAB8A500510BF2 /* PeopleTableViewController.h */ = {isa = PBXFileReference; fileEncoding = 4; lastKnownFileType = sourcecode.c.h; path = PeopleTableViewController.h; sourceTree = "<group>"; };
		A7FFB44918FAB8A500510BF2 /* PeopleTableViewController.m */ = {isa = PBXFileReference; fileEncoding = 4; lastKnownFileType = sourcecode.c.objc; path = PeopleTableViewController.m; sourceTree = "<group>"; };
		A7FFB44B18FADC9F00510BF2 /* ExamplesViewController.h */ = {isa = PBXFileReference; fileEncoding = 4; lastKnownFileType = sourcecode.c.h; path = ExamplesViewController.h; sourceTree = "<group>"; };
		A7FFB44C18FADC9F00510BF2 /* ExamplesViewController.m */ = {isa = PBXFileReference; fileEncoding = 4; lastKnownFileType = sourcecode.c.objc; path = ExamplesViewController.m; sourceTree = "<group>"; };
		A7FFB44E18FB0D2600510BF2 /* PeopleViewController.h */ = {isa = PBXFileReference; fileEncoding = 4; lastKnownFileType = sourcecode.c.h; path = PeopleViewController.h; sourceTree = "<group>"; };
		A7FFB44F18FB0D2600510BF2 /* PeopleViewController.m */ = {isa = PBXFileReference; fileEncoding = 4; lastKnownFileType = sourcecode.c.objc; path = PeopleViewController.m; sourceTree = "<group>"; };
/* End PBXFileReference section */

/* Begin PBXFrameworksBuildPhase section */
		A792C76018F9ECD20095EA22 /* Frameworks */ = {
			isa = PBXFrameworksBuildPhase;
			buildActionMask = 2147483647;
			files = (
				A7FFB44718FAAEEA00510BF2 /* libArrayDiff.a in Frameworks */,
				A792C76918F9ECD20095EA22 /* CoreGraphics.framework in Frameworks */,
				A792C76D18F9ECD20095EA22 /* CoreData.framework in Frameworks */,
				A792C76B18F9ECD20095EA22 /* UIKit.framework in Frameworks */,
				A792C76718F9ECD20095EA22 /* Foundation.framework in Frameworks */,
			);
			runOnlyForDeploymentPostprocessing = 0;
		};
		A792C78018F9ECD30095EA22 /* Frameworks */ = {
			isa = PBXFrameworksBuildPhase;
			buildActionMask = 2147483647;
			files = (
				A792C78518F9ECD30095EA22 /* XCTest.framework in Frameworks */,
				A792C78818F9ECD30095EA22 /* CoreData.framework in Frameworks */,
				A792C78718F9ECD30095EA22 /* UIKit.framework in Frameworks */,
				A792C78618F9ECD30095EA22 /* Foundation.framework in Frameworks */,
			);
			runOnlyForDeploymentPostprocessing = 0;
		};
/* End PBXFrameworksBuildPhase section */

/* Begin PBXGroup section */
		A792C75A18F9ECD20095EA22 = {
			isa = PBXGroup;
			children = (
				A792C76E18F9ECD30095EA22 /* ArrayDiffExample */,
				A792C78B18F9ECD30095EA22 /* ArrayDiffExampleTests */,
				A792C76518F9ECD20095EA22 /* Frameworks */,
				A792C76418F9ECD20095EA22 /* Products */,
			);
			sourceTree = "<group>";
		};
		A792C76418F9ECD20095EA22 /* Products */ = {
			isa = PBXGroup;
			children = (
				A792C76318F9ECD20095EA22 /* ArrayDiffExample.app */,
				A792C78318F9ECD30095EA22 /* ArrayDiffExampleTests.xctest */,
			);
			name = Products;
			sourceTree = "<group>";
		};
		A792C76518F9ECD20095EA22 /* Frameworks */ = {
			isa = PBXGroup;
			children = (
				A7FFB44618FAAEEA00510BF2 /* libArrayDiff.a */,
				A792C76618F9ECD20095EA22 /* Foundation.framework */,
				A792C76818F9ECD20095EA22 /* CoreGraphics.framework */,
				A792C76A18F9ECD20095EA22 /* UIKit.framework */,
				A792C76C18F9ECD20095EA22 /* CoreData.framework */,
				A792C78418F9ECD30095EA22 /* XCTest.framework */,
			);
			name = Frameworks;
			sourceTree = "<group>";
		};
		A792C76E18F9ECD30095EA22 /* ArrayDiffExample */ = {
			isa = PBXGroup;
			children = (
				A792C77718F9ECD30095EA22 /* AppDelegate.h */,
				A792C77818F9ECD30095EA22 /* AppDelegate.m */,
				A7FFB43A18FA8BAD00510BF2 /* Person.h */,
				A7FFB43B18FA8BAD00510BF2 /* Person.m */,
				A7FFB44B18FADC9F00510BF2 /* ExamplesViewController.h */,
				A7FFB44C18FADC9F00510BF2 /* ExamplesViewController.m */,
				A7FFB44E18FB0D2600510BF2 /* PeopleViewController.h */,
				A7FFB44F18FB0D2600510BF2 /* PeopleViewController.m */,
				A7FFB44818FAB8A500510BF2 /* PeopleTableViewController.h */,
				A7FFB44918FAB8A500510BF2 /* PeopleTableViewController.m */,
				A7FFB43D18FAA3A500510BF2 /* PeopleCollectionViewController.h */,
				A7FFB43E18FAA3A500510BF2 /* PeopleCollectionViewController.m */,
				A7FFB44018FAA9D500510BF2 /* PersonCollectionViewCell.h */,
				A7FFB44118FAA9D500510BF2 /* PersonCollectionViewCell.m */,
				A7FFB44318FAAC2F00510BF2 /* PeopleCollectionViewHeader.h */,
				A7FFB44418FAAC2F00510BF2 /* PeopleCollectionViewHeader.m */,
				A792C77D18F9ECD30095EA22 /* Images.xcassets */,
				A792C77A18F9ECD30095EA22 /* ArrayDiffExample.xcdatamodeld */,
				A792C76F18F9ECD30095EA22 /* Supporting Files */,
			);
			path = ArrayDiffExample;
			sourceTree = "<group>";
		};
		A792C76F18F9ECD30095EA22 /* Supporting Files */ = {
			isa = PBXGroup;
			children = (
				A792C77018F9ECD30095EA22 /* ArrayDiffExample-Info.plist */,
				A792C77118F9ECD30095EA22 /* InfoPlist.strings */,
				A792C77418F9ECD30095EA22 /* main.m */,
				A792C77618F9ECD30095EA22 /* ArrayDiffExample-Prefix.pch */,
			);
			name = "Supporting Files";
			sourceTree = "<group>";
		};
		A792C78B18F9ECD30095EA22 /* ArrayDiffExampleTests */ = {
			isa = PBXGroup;
			children = (
				A792C79118F9ECD30095EA22 /* ArrayDiffExampleTests.m */,
				A792C78C18F9ECD30095EA22 /* Supporting Files */,
			);
			path = ArrayDiffExampleTests;
			sourceTree = "<group>";
		};
		A792C78C18F9ECD30095EA22 /* Supporting Files */ = {
			isa = PBXGroup;
			children = (
				A792C78D18F9ECD30095EA22 /* ArrayDiffExampleTests-Info.plist */,
				A792C78E18F9ECD30095EA22 /* InfoPlist.strings */,
			);
			name = "Supporting Files";
			sourceTree = "<group>";
		};
/* End PBXGroup section */

/* Begin PBXNativeTarget section */
		A792C76218F9ECD20095EA22 /* ArrayDiffExample */ = {
			isa = PBXNativeTarget;
			buildConfigurationList = A792C79518F9ECD30095EA22 /* Build configuration list for PBXNativeTarget "ArrayDiffExample" */;
			buildPhases = (
				A792C75F18F9ECD20095EA22 /* Sources */,
				A792C76018F9ECD20095EA22 /* Frameworks */,
				A792C76118F9ECD20095EA22 /* Resources */,
			);
			buildRules = (
			);
			dependencies = (
			);
			name = ArrayDiffExample;
			productName = ArrayDiffExample;
			productReference = A792C76318F9ECD20095EA22 /* ArrayDiffExample.app */;
			productType = "com.apple.product-type.application";
		};
		A792C78218F9ECD30095EA22 /* ArrayDiffExampleTests */ = {
			isa = PBXNativeTarget;
			buildConfigurationList = A792C79818F9ECD30095EA22 /* Build configuration list for PBXNativeTarget "ArrayDiffExampleTests" */;
			buildPhases = (
				A792C77F18F9ECD30095EA22 /* Sources */,
				A792C78018F9ECD30095EA22 /* Frameworks */,
				A792C78118F9ECD30095EA22 /* Resources */,
			);
			buildRules = (
			);
			dependencies = (
				A792C78A18F9ECD30095EA22 /* PBXTargetDependency */,
			);
			name = ArrayDiffExampleTests;
			productName = ArrayDiffExampleTests;
			productReference = A792C78318F9ECD30095EA22 /* ArrayDiffExampleTests.xctest */;
			productType = "com.apple.product-type.bundle.unit-test";
		};
/* End PBXNativeTarget section */

/* Begin PBXProject section */
		A792C75B18F9ECD20095EA22 /* Project object */ = {
			isa = PBXProject;
			attributes = {
				LastUpgradeCheck = 0510;
				ORGANIZATIONNAME = "Nick Tymchenko";
				TargetAttributes = {
					A792C78218F9ECD30095EA22 = {
						TestTargetID = A792C76218F9ECD20095EA22;
					};
				};
			};
			buildConfigurationList = A792C75E18F9ECD20095EA22 /* Build configuration list for PBXProject "ArrayDiffExample" */;
			compatibilityVersion = "Xcode 3.2";
			developmentRegion = English;
			hasScannedForEncodings = 0;
			knownRegions = (
				en,
			);
			mainGroup = A792C75A18F9ECD20095EA22;
			productRefGroup = A792C76418F9ECD20095EA22 /* Products */;
			projectDirPath = "";
			projectRoot = "";
			targets = (
				A792C76218F9ECD20095EA22 /* ArrayDiffExample */,
				A792C78218F9ECD30095EA22 /* ArrayDiffExampleTests */,
			);
		};
/* End PBXProject section */

/* Begin PBXResourcesBuildPhase section */
		A792C76118F9ECD20095EA22 /* Resources */ = {
			isa = PBXResourcesBuildPhase;
			buildActionMask = 2147483647;
			files = (
				A792C77318F9ECD30095EA22 /* InfoPlist.strings in Resources */,
				A792C77E18F9ECD30095EA22 /* Images.xcassets in Resources */,
			);
			runOnlyForDeploymentPostprocessing = 0;
		};
		A792C78118F9ECD30095EA22 /* Resources */ = {
			isa = PBXResourcesBuildPhase;
			buildActionMask = 2147483647;
			files = (
				A792C79018F9ECD30095EA22 /* InfoPlist.strings in Resources */,
			);
			runOnlyForDeploymentPostprocessing = 0;
		};
/* End PBXResourcesBuildPhase section */

/* Begin PBXSourcesBuildPhase section */
		A792C75F18F9ECD20095EA22 /* Sources */ = {
			isa = PBXSourcesBuildPhase;
			buildActionMask = 2147483647;
			files = (
				A792C77918F9ECD30095EA22 /* AppDelegate.m in Sources */,
				A7FFB44218FAA9D500510BF2 /* PersonCollectionViewCell.m in Sources */,
				A7FFB44D18FADC9F00510BF2 /* ExamplesViewController.m in Sources */,
				A7FFB45018FB0D2600510BF2 /* PeopleViewController.m in Sources */,
				A7FFB44A18FAB8A500510BF2 /* PeopleTableViewController.m in Sources */,
				A792C77C18F9ECD30095EA22 /* ArrayDiffExample.xcdatamodeld in Sources */,
				A7FFB43C18FA8BAD00510BF2 /* Person.m in Sources */,
				A792C77518F9ECD30095EA22 /* main.m in Sources */,
				A7FFB44518FAAC2F00510BF2 /* PeopleCollectionViewHeader.m in Sources */,
				A7FFB43F18FAA3A500510BF2 /* PeopleCollectionViewController.m in Sources */,
			);
			runOnlyForDeploymentPostprocessing = 0;
		};
		A792C77F18F9ECD30095EA22 /* Sources */ = {
			isa = PBXSourcesBuildPhase;
			buildActionMask = 2147483647;
			files = (
				A792C79218F9ECD30095EA22 /* ArrayDiffExampleTests.m in Sources */,
			);
			runOnlyForDeploymentPostprocessing = 0;
		};
/* End PBXSourcesBuildPhase section */

/* Begin PBXTargetDependency section */
		A792C78A18F9ECD30095EA22 /* PBXTargetDependency */ = {
			isa = PBXTargetDependency;
			target = A792C76218F9ECD20095EA22 /* ArrayDiffExample */;
			targetProxy = A792C78918F9ECD30095EA22 /* PBXContainerItemProxy */;
		};
/* End PBXTargetDependency section */

/* Begin PBXVariantGroup section */
		A792C77118F9ECD30095EA22 /* InfoPlist.strings */ = {
			isa = PBXVariantGroup;
			children = (
				A792C77218F9ECD30095EA22 /* en */,
			);
			name = InfoPlist.strings;
			sourceTree = "<group>";
		};
		A792C78E18F9ECD30095EA22 /* InfoPlist.strings */ = {
			isa = PBXVariantGroup;
			children = (
				A792C78F18F9ECD30095EA22 /* en */,
			);
			name = InfoPlist.strings;
			sourceTree = "<group>";
		};
/* End PBXVariantGroup section */

/* Begin XCBuildConfiguration section */
		A792C79318F9ECD30095EA22 /* Debug */ = {
			isa = XCBuildConfiguration;
			buildSettings = {
				ALWAYS_SEARCH_USER_PATHS = NO;
				CLANG_CXX_LANGUAGE_STANDARD = "gnu++0x";
				CLANG_CXX_LIBRARY = "libc++";
				CLANG_ENABLE_MODULES = YES;
				CLANG_ENABLE_OBJC_ARC = YES;
				CLANG_WARN_BOOL_CONVERSION = YES;
				CLANG_WARN_CONSTANT_CONVERSION = YES;
				CLANG_WARN_DIRECT_OBJC_ISA_USAGE = YES_ERROR;
				CLANG_WARN_EMPTY_BODY = YES;
				CLANG_WARN_ENUM_CONVERSION = YES;
				CLANG_WARN_INT_CONVERSION = YES;
				CLANG_WARN_OBJC_ROOT_CLASS = YES_ERROR;
				CLANG_WARN__DUPLICATE_METHOD_MATCH = YES;
				"CODE_SIGN_IDENTITY[sdk=iphoneos*]" = "iPhone Developer";
				COPY_PHASE_STRIP = NO;
				GCC_C_LANGUAGE_STANDARD = gnu99;
				GCC_DYNAMIC_NO_PIC = NO;
				GCC_OPTIMIZATION_LEVEL = 0;
				GCC_PREPROCESSOR_DEFINITIONS = (
					"DEBUG=1",
					"$(inherited)",
				);
				GCC_SYMBOLS_PRIVATE_EXTERN = NO;
				GCC_WARN_64_TO_32_BIT_CONVERSION = YES;
				GCC_WARN_ABOUT_RETURN_TYPE = YES_ERROR;
				GCC_WARN_UNDECLARED_SELECTOR = YES;
				GCC_WARN_UNINITIALIZED_AUTOS = YES_AGGRESSIVE;
				GCC_WARN_UNUSED_FUNCTION = YES;
				GCC_WARN_UNUSED_VARIABLE = YES;
				IPHONEOS_DEPLOYMENT_TARGET = 7.1;
				ONLY_ACTIVE_ARCH = YES;
				SDKROOT = iphoneos;
			};
			name = Debug;
		};
		A792C79418F9ECD30095EA22 /* Release */ = {
			isa = XCBuildConfiguration;
			buildSettings = {
				ALWAYS_SEARCH_USER_PATHS = NO;
				CLANG_CXX_LANGUAGE_STANDARD = "gnu++0x";
				CLANG_CXX_LIBRARY = "libc++";
				CLANG_ENABLE_MODULES = YES;
				CLANG_ENABLE_OBJC_ARC = YES;
				CLANG_WARN_BOOL_CONVERSION = YES;
				CLANG_WARN_CONSTANT_CONVERSION = YES;
				CLANG_WARN_DIRECT_OBJC_ISA_USAGE = YES_ERROR;
				CLANG_WARN_EMPTY_BODY = YES;
				CLANG_WARN_ENUM_CONVERSION = YES;
				CLANG_WARN_INT_CONVERSION = YES;
				CLANG_WARN_OBJC_ROOT_CLASS = YES_ERROR;
				CLANG_WARN__DUPLICATE_METHOD_MATCH = YES;
				"CODE_SIGN_IDENTITY[sdk=iphoneos*]" = "iPhone Developer";
				COPY_PHASE_STRIP = YES;
				ENABLE_NS_ASSERTIONS = NO;
				GCC_C_LANGUAGE_STANDARD = gnu99;
				GCC_WARN_64_TO_32_BIT_CONVERSION = YES;
				GCC_WARN_ABOUT_RETURN_TYPE = YES_ERROR;
				GCC_WARN_UNDECLARED_SELECTOR = YES;
				GCC_WARN_UNINITIALIZED_AUTOS = YES_AGGRESSIVE;
				GCC_WARN_UNUSED_FUNCTION = YES;
				GCC_WARN_UNUSED_VARIABLE = YES;
				IPHONEOS_DEPLOYMENT_TARGET = 7.1;
				SDKROOT = iphoneos;
				VALIDATE_PRODUCT = YES;
			};
			name = Release;
		};
		A792C79618F9ECD30095EA22 /* Debug */ = {
			isa = XCBuildConfiguration;
			buildSettings = {
				ASSETCATALOG_COMPILER_APPICON_NAME = AppIcon;
				ASSETCATALOG_COMPILER_LAUNCHIMAGE_NAME = LaunchImage;
				GCC_PRECOMPILE_PREFIX_HEADER = YES;
				GCC_PREFIX_HEADER = "ArrayDiffExample/ArrayDiffExample-Prefix.pch";
				INFOPLIST_FILE = "ArrayDiffExample/ArrayDiffExample-Info.plist";
				IPHONEOS_DEPLOYMENT_TARGET = 6.0;
				LIBRARY_SEARCH_PATHS = (
					"$(inherited)",
					"$(USER_LIBRARY_DIR)/Developer/Xcode/DerivedData/ArrayDiff-gibakdnrkaivsxadcrmflvsgvzlt/Build/Products/Debug-iphoneos",
				);
				OTHER_LDFLAGS = "-ObjC";
				PRODUCT_NAME = "$(TARGET_NAME)";
				USER_HEADER_SEARCH_PATHS = "$(SRCROOT)/../ArrayDiff/**";
				WRAPPER_EXTENSION = app;
			};
			name = Debug;
		};
		A792C79718F9ECD30095EA22 /* Release */ = {
			isa = XCBuildConfiguration;
			buildSettings = {
				ASSETCATALOG_COMPILER_APPICON_NAME = AppIcon;
				ASSETCATALOG_COMPILER_LAUNCHIMAGE_NAME = LaunchImage;
				GCC_PRECOMPILE_PREFIX_HEADER = YES;
				GCC_PREFIX_HEADER = "ArrayDiffExample/ArrayDiffExample-Prefix.pch";
				INFOPLIST_FILE = "ArrayDiffExample/ArrayDiffExample-Info.plist";
				IPHONEOS_DEPLOYMENT_TARGET = 6.0;
				LIBRARY_SEARCH_PATHS = (
					"$(inherited)",
					"$(USER_LIBRARY_DIR)/Developer/Xcode/DerivedData/ArrayDiff-gibakdnrkaivsxadcrmflvsgvzlt/Build/Products/Debug-iphoneos",
				);
				OTHER_LDFLAGS = "-ObjC";
				PRODUCT_NAME = "$(TARGET_NAME)";
				USER_HEADER_SEARCH_PATHS = "$(SRCROOT)/../ArrayDiff/**";
				WRAPPER_EXTENSION = app;
			};
			name = Release;
		};
		A792C79918F9ECD30095EA22 /* Debug */ = {
			isa = XCBuildConfiguration;
			buildSettings = {
				BUNDLE_LOADER = "$(BUILT_PRODUCTS_DIR)/ArrayDiffExample.app/ArrayDiffExample";
				FRAMEWORK_SEARCH_PATHS = (
					"$(SDKROOT)/Developer/Library/Frameworks",
					"$(inherited)",
					"$(DEVELOPER_FRAMEWORKS_DIR)",
				);
				GCC_PRECOMPILE_PREFIX_HEADER = YES;
				GCC_PREFIX_HEADER = "ArrayDiffExample/ArrayDiffExample-Prefix.pch";
				GCC_PREPROCESSOR_DEFINITIONS = (
					"DEBUG=1",
					"$(inherited)",
				);
				INFOPLIST_FILE = "ArrayDiffExampleTests/ArrayDiffExampleTests-Info.plist";
				PRODUCT_NAME = "$(TARGET_NAME)";
				TEST_HOST = "$(BUNDLE_LOADER)";
				WRAPPER_EXTENSION = xctest;
			};
			name = Debug;
		};
		A792C79A18F9ECD30095EA22 /* Release */ = {
			isa = XCBuildConfiguration;
			buildSettings = {
				BUNDLE_LOADER = "$(BUILT_PRODUCTS_DIR)/ArrayDiffExample.app/ArrayDiffExample";
				FRAMEWORK_SEARCH_PATHS = (
					"$(SDKROOT)/Developer/Library/Frameworks",
					"$(inherited)",
					"$(DEVELOPER_FRAMEWORKS_DIR)",
				);
				GCC_PRECOMPILE_PREFIX_HEADER = YES;
				GCC_PREFIX_HEADER = "ArrayDiffExample/ArrayDiffExample-Prefix.pch";
				INFOPLIST_FILE = "ArrayDiffExampleTests/ArrayDiffExampleTests-Info.plist";
				PRODUCT_NAME = "$(TARGET_NAME)";
				TEST_HOST = "$(BUNDLE_LOADER)";
				WRAPPER_EXTENSION = xctest;
			};
			name = Release;
		};
/* End XCBuildConfiguration section */

/* Begin XCConfigurationList section */
		A792C75E18F9ECD20095EA22 /* Build configuration list for PBXProject "ArrayDiffExample" */ = {
			isa = XCConfigurationList;
			buildConfigurations = (
				A792C79318F9ECD30095EA22 /* Debug */,
				A792C79418F9ECD30095EA22 /* Release */,
			);
			defaultConfigurationIsVisible = 0;
			defaultConfigurationName = Release;
		};
		A792C79518F9ECD30095EA22 /* Build configuration list for PBXNativeTarget "ArrayDiffExample" */ = {
			isa = XCConfigurationList;
			buildConfigurations = (
				A792C79618F9ECD30095EA22 /* Debug */,
				A792C79718F9ECD30095EA22 /* Release */,
			);
			defaultConfigurationIsVisible = 0;
			defaultConfigurationName = Release;
		};
		A792C79818F9ECD30095EA22 /* Build configuration list for PBXNativeTarget "ArrayDiffExampleTests" */ = {
			isa = XCConfigurationList;
			buildConfigurations = (
				A792C79918F9ECD30095EA22 /* Debug */,
				A792C79A18F9ECD30095EA22 /* Release */,
			);
			defaultConfigurationIsVisible = 0;
			defaultConfigurationName = Release;
		};
/* End XCConfigurationList section */

/* Begin XCVersionGroup section */
		A792C77A18F9ECD30095EA22 /* ArrayDiffExample.xcdatamodeld */ = {
			isa = XCVersionGroup;
			children = (
				A792C77B18F9ECD30095EA22 /* ArrayDiffExample.xcdatamodel */,
			);
			currentVersion = A792C77B18F9ECD30095EA22 /* ArrayDiffExample.xcdatamodel */;
			path = ArrayDiffExample.xcdatamodeld;
			sourceTree = "<group>";
			versionGroupType = wrapper.xcdatamodel;
		};
/* End XCVersionGroup section */
	};
	rootObject = A792C75B18F9ECD20095EA22 /* Project object */;
}
