// !$*UTF8*$!
{
	archiveVersion = 1;
	classes = {
	};
	objectVersion = 46;
	objects = {

/* Begin PBXBuildFile section */
		57FD1278D3C549E598593857 /* libPods-ArrayDiffTests.a in Frameworks */ = {isa = PBXBuildFile; fileRef = 4C1E69DA8B464A3F8AC22FCF /* libPods-ArrayDiffTests.a */; };
		A718306218FB431F00245806 /* NNArrayDiffChange.m in Sources */ = {isa = PBXBuildFile; fileRef = A718306118FB431F00245806 /* NNArrayDiffChange.m */; };
		A718306518FB49FA00245806 /* NNSectionsDiffChange.m in Sources */ = {isa = PBXBuildFile; fileRef = A718306418FB49FA00245806 /* NNSectionsDiffChange.m */; };
		A741ECC2190C814000197F44 /* NNCocoaTouchCollectionReloader.m in Sources */ = {isa = PBXBuildFile; fileRef = A741ECC1190C814000197F44 /* NNCocoaTouchCollectionReloader.m */; };
		A741ECC5190C862E00197F44 /* NNSectionsDiffTracker.m in Sources */ = {isa = PBXBuildFile; fileRef = A741ECC4190C862E00197F44 /* NNSectionsDiffTracker.m */; };
		A792C71118F98A780095EA22 /* Foundation.framework in Frameworks */ = {isa = PBXBuildFile; fileRef = A792C71018F98A780095EA22 /* Foundation.framework */; };
		A792C71618F98A780095EA22 /* NNArrayDiff.h in CopyFiles */ = {isa = PBXBuildFile; fileRef = A792C71518F98A780095EA22 /* NNArrayDiff.h */; };
		A792C71818F98A780095EA22 /* NNArrayDiff.m in Sources */ = {isa = PBXBuildFile; fileRef = A792C71718F98A780095EA22 /* NNArrayDiff.m */; };
		A792C71F18F98A780095EA22 /* XCTest.framework in Frameworks */ = {isa = PBXBuildFile; fileRef = A792C71E18F98A780095EA22 /* XCTest.framework */; };
		A792C72018F98A780095EA22 /* Foundation.framework in Frameworks */ = {isa = PBXBuildFile; fileRef = A792C71018F98A780095EA22 /* Foundation.framework */; };
		A792C72218F98A780095EA22 /* UIKit.framework in Frameworks */ = {isa = PBXBuildFile; fileRef = A792C72118F98A780095EA22 /* UIKit.framework */; };
		A792C72518F98A780095EA22 /* libArrayDiff.a in Frameworks */ = {isa = PBXBuildFile; fileRef = A792C70D18F98A780095EA22 /* libArrayDiff.a */; };
		A792C72B18F98A780095EA22 /* InfoPlist.strings in Resources */ = {isa = PBXBuildFile; fileRef = A792C72918F98A780095EA22 /* InfoPlist.strings */; };
		A792C73C18F99B420095EA22 /* NNSectionsDiff.m in Sources */ = {isa = PBXBuildFile; fileRef = A792C73718F99B420095EA22 /* NNSectionsDiff.m */; };
		A792C75718F9EBA90095EA22 /* NNFetchedResultsControllerDiffAdapter.m in Sources */ = {isa = PBXBuildFile; fileRef = A792C75118F9EBA90095EA22 /* NNFetchedResultsControllerDiffAdapter.m */; };
		A792C75818F9EBA90095EA22 /* UICollectionView+NNSectionsDiff.m in Sources */ = {isa = PBXBuildFile; fileRef = A792C75418F9EBA90095EA22 /* UICollectionView+NNSectionsDiff.m */; };
		A792C75918F9EBA90095EA22 /* UITableView+NNSectionsDiff.m in Sources */ = {isa = PBXBuildFile; fileRef = A792C75618F9EBA90095EA22 /* UITableView+NNSectionsDiff.m */; };
		A7C5F5AA1903CC4B0087C063 /* NNTableViewCocoaTouchCollection.m in Sources */ = {isa = PBXBuildFile; fileRef = A7C5F5A91903CC4B0087C063 /* NNTableViewCocoaTouchCollection.m */; };
		A7C5F5AD1903CD770087C063 /* NNCollectionViewCocoaTouchCollection.m in Sources */ = {isa = PBXBuildFile; fileRef = A7C5F5AC1903CD770087C063 /* NNCollectionViewCocoaTouchCollection.m */; };
		A7C5F5B619042DE10087C063 /* NNArrayDiffSpec.m in Sources */ = {isa = PBXBuildFile; fileRef = A7C5F5B519042DE10087C063 /* NNArrayDiffSpec.m */; };
		A7C5F5B919044D570087C063 /* NNTestItem.m in Sources */ = {isa = PBXBuildFile; fileRef = A7C5F5B819044D570087C063 /* NNTestItem.m */; };
		A7C5F5BF190454FB0087C063 /* NNArrayDiffValidator.m in Sources */ = {isa = PBXBuildFile; fileRef = A7C5F5BE190454FB0087C063 /* NNArrayDiffValidator.m */; };
		A7C5F5C2190457330087C063 /* EXPMatchers+containIndex.m in Sources */ = {isa = PBXBuildFile; fileRef = A7C5F5C1190457330087C063 /* EXPMatchers+containIndex.m */; };
		A7C5F5C519046B380087C063 /* NNSectionsDiffValidator.m in Sources */ = {isa = PBXBuildFile; fileRef = A7C5F5C419046B380087C063 /* NNSectionsDiffValidator.m */; };
		A7C5F5C8190476FA0087C063 /* NNSectionData.m in Sources */ = {isa = PBXBuildFile; fileRef = A7C5F5C7190476FA0087C063 /* NNSectionData.m */; };
/* End PBXBuildFile section */

/* Begin PBXContainerItemProxy section */
		A792C72318F98A780095EA22 /* PBXContainerItemProxy */ = {
			isa = PBXContainerItemProxy;
			containerPortal = A792C70518F98A780095EA22 /* Project object */;
			proxyType = 1;
			remoteGlobalIDString = A792C70C18F98A780095EA22;
			remoteInfo = ArrayDiff;
		};
/* End PBXContainerItemProxy section */

/* Begin PBXCopyFilesBuildPhase section */
		A792C70B18F98A780095EA22 /* CopyFiles */ = {
			isa = PBXCopyFilesBuildPhase;
			buildActionMask = 2147483647;
			dstPath = "include/$(PRODUCT_NAME)";
			dstSubfolderSpec = 16;
			files = (
				A792C71618F98A780095EA22 /* NNArrayDiff.h in CopyFiles */,
			);
			runOnlyForDeploymentPostprocessing = 0;
		};
/* End PBXCopyFilesBuildPhase section */

/* Begin PBXFileReference section */
		4147C0C5A90C43E6AC6294DC /* Pods-ArrayDiffTests.xcconfig */ = {isa = PBXFileReference; includeInIndex = 1; lastKnownFileType = text.xcconfig; name = "Pods-ArrayDiffTests.xcconfig"; path = "Pods/Pods-ArrayDiffTests.xcconfig"; sourceTree = "<group>"; };
		4C1E69DA8B464A3F8AC22FCF /* libPods-ArrayDiffTests.a */ = {isa = PBXFileReference; explicitFileType = archive.ar; includeInIndex = 0; path = "libPods-ArrayDiffTests.a"; sourceTree = BUILT_PRODUCTS_DIR; };
		A718306018FB431F00245806 /* NNArrayDiffChange.h */ = {isa = PBXFileReference; fileEncoding = 4; lastKnownFileType = sourcecode.c.h; path = NNArrayDiffChange.h; sourceTree = "<group>"; };
		A718306118FB431F00245806 /* NNArrayDiffChange.m */ = {isa = PBXFileReference; fileEncoding = 4; lastKnownFileType = sourcecode.c.objc; path = NNArrayDiffChange.m; sourceTree = "<group>"; };
		A718306318FB49FA00245806 /* NNSectionsDiffChange.h */ = {isa = PBXFileReference; fileEncoding = 4; lastKnownFileType = sourcecode.c.h; path = NNSectionsDiffChange.h; sourceTree = "<group>"; };
		A718306418FB49FA00245806 /* NNSectionsDiffChange.m */ = {isa = PBXFileReference; fileEncoding = 4; lastKnownFileType = sourcecode.c.objc; path = NNSectionsDiffChange.m; sourceTree = "<group>"; };
		A741ECC0190C814000197F44 /* NNCocoaTouchCollectionReloader.h */ = {isa = PBXFileReference; fileEncoding = 4; lastKnownFileType = sourcecode.c.h; path = NNCocoaTouchCollectionReloader.h; sourceTree = "<group>"; };
		A741ECC1190C814000197F44 /* NNCocoaTouchCollectionReloader.m */ = {isa = PBXFileReference; fileEncoding = 4; lastKnownFileType = sourcecode.c.objc; path = NNCocoaTouchCollectionReloader.m; sourceTree = "<group>"; };
		A741ECC3190C862E00197F44 /* NNSectionsDiffTracker.h */ = {isa = PBXFileReference; fileEncoding = 4; lastKnownFileType = sourcecode.c.h; path = NNSectionsDiffTracker.h; sourceTree = "<group>"; };
		A741ECC4190C862E00197F44 /* NNSectionsDiffTracker.m */ = {isa = PBXFileReference; fileEncoding = 4; lastKnownFileType = sourcecode.c.objc; path = NNSectionsDiffTracker.m; sourceTree = "<group>"; };
		A792C70D18F98A780095EA22 /* libArrayDiff.a */ = {isa = PBXFileReference; explicitFileType = archive.ar; includeInIndex = 0; path = libArrayDiff.a; sourceTree = BUILT_PRODUCTS_DIR; };
		A792C71018F98A780095EA22 /* Foundation.framework */ = {isa = PBXFileReference; lastKnownFileType = wrapper.framework; name = Foundation.framework; path = System/Library/Frameworks/Foundation.framework; sourceTree = SDKROOT; };
		A792C71418F98A780095EA22 /* ArrayDiff-Prefix.pch */ = {isa = PBXFileReference; lastKnownFileType = sourcecode.c.h; path = "ArrayDiff-Prefix.pch"; sourceTree = "<group>"; };
		A792C71518F98A780095EA22 /* NNArrayDiff.h */ = {isa = PBXFileReference; lastKnownFileType = sourcecode.c.h; path = NNArrayDiff.h; sourceTree = "<group>"; };
		A792C71718F98A780095EA22 /* NNArrayDiff.m */ = {isa = PBXFileReference; lastKnownFileType = sourcecode.c.objc; path = NNArrayDiff.m; sourceTree = "<group>"; };
		A792C71D18F98A780095EA22 /* ArrayDiffTests.xctest */ = {isa = PBXFileReference; explicitFileType = wrapper.cfbundle; includeInIndex = 0; path = ArrayDiffTests.xctest; sourceTree = BUILT_PRODUCTS_DIR; };
		A792C71E18F98A780095EA22 /* XCTest.framework */ = {isa = PBXFileReference; lastKnownFileType = wrapper.framework; name = XCTest.framework; path = Library/Frameworks/XCTest.framework; sourceTree = DEVELOPER_DIR; };
		A792C72118F98A780095EA22 /* UIKit.framework */ = {isa = PBXFileReference; lastKnownFileType = wrapper.framework; name = UIKit.framework; path = Library/Frameworks/UIKit.framework; sourceTree = DEVELOPER_DIR; };
		A792C72818F98A780095EA22 /* ArrayDiffTests-Info.plist */ = {isa = PBXFileReference; lastKnownFileType = text.plist.xml; path = "ArrayDiffTests-Info.plist"; sourceTree = "<group>"; };
		A792C72A18F98A780095EA22 /* en */ = {isa = PBXFileReference; lastKnownFileType = text.plist.strings; name = en; path = en.lproj/InfoPlist.strings; sourceTree = "<group>"; };
		A792C73618F99B420095EA22 /* NNSectionsDiff.h */ = {isa = PBXFileReference; fileEncoding = 4; lastKnownFileType = sourcecode.c.h; path = NNSectionsDiff.h; sourceTree = "<group>"; };
		A792C73718F99B420095EA22 /* NNSectionsDiff.m */ = {isa = PBXFileReference; fileEncoding = 4; lastKnownFileType = sourcecode.c.objc; path = NNSectionsDiff.m; sourceTree = "<group>"; };
		A792C75018F9EBA90095EA22 /* NNFetchedResultsControllerDiffAdapter.h */ = {isa = PBXFileReference; fileEncoding = 4; lastKnownFileType = sourcecode.c.h; path = NNFetchedResultsControllerDiffAdapter.h; sourceTree = "<group>"; };
		A792C75118F9EBA90095EA22 /* NNFetchedResultsControllerDiffAdapter.m */ = {isa = PBXFileReference; fileEncoding = 4; lastKnownFileType = sourcecode.c.objc; path = NNFetchedResultsControllerDiffAdapter.m; sourceTree = "<group>"; };
		A792C75318F9EBA90095EA22 /* UICollectionView+NNSectionsDiff.h */ = {isa = PBXFileReference; fileEncoding = 4; lastKnownFileType = sourcecode.c.h; path = "UICollectionView+NNSectionsDiff.h"; sourceTree = "<group>"; };
		A792C75418F9EBA90095EA22 /* UICollectionView+NNSectionsDiff.m */ = {isa = PBXFileReference; fileEncoding = 4; lastKnownFileType = sourcecode.c.objc; path = "UICollectionView+NNSectionsDiff.m"; sourceTree = "<group>"; };
		A792C75518F9EBA90095EA22 /* UITableView+NNSectionsDiff.h */ = {isa = PBXFileReference; fileEncoding = 4; lastKnownFileType = sourcecode.c.h; path = "UITableView+NNSectionsDiff.h"; sourceTree = "<group>"; };
		A792C75618F9EBA90095EA22 /* UITableView+NNSectionsDiff.m */ = {isa = PBXFileReference; fileEncoding = 4; lastKnownFileType = sourcecode.c.objc; path = "UITableView+NNSectionsDiff.m"; sourceTree = "<group>"; };
		A7C5F5A21903CAA00087C063 /* NNDiffReloadOptions.h */ = {isa = PBXFileReference; lastKnownFileType = sourcecode.c.h; path = NNDiffReloadOptions.h; sourceTree = "<group>"; };
		A7C5F5A71903CC200087C063 /* NNCocoaTouchCollection.h */ = {isa = PBXFileReference; lastKnownFileType = sourcecode.c.h; path = NNCocoaTouchCollection.h; sourceTree = "<group>"; };
		A7C5F5A81903CC4B0087C063 /* NNTableViewCocoaTouchCollection.h */ = {isa = PBXFileReference; fileEncoding = 4; lastKnownFileType = sourcecode.c.h; path = NNTableViewCocoaTouchCollection.h; sourceTree = "<group>"; };
		A7C5F5A91903CC4B0087C063 /* NNTableViewCocoaTouchCollection.m */ = {isa = PBXFileReference; fileEncoding = 4; lastKnownFileType = sourcecode.c.objc; path = NNTableViewCocoaTouchCollection.m; sourceTree = "<group>"; };
		A7C5F5AB1903CD770087C063 /* NNCollectionViewCocoaTouchCollection.h */ = {isa = PBXFileReference; fileEncoding = 4; lastKnownFileType = sourcecode.c.h; path = NNCollectionViewCocoaTouchCollection.h; sourceTree = "<group>"; };
		A7C5F5AC1903CD770087C063 /* NNCollectionViewCocoaTouchCollection.m */ = {isa = PBXFileReference; fileEncoding = 4; lastKnownFileType = sourcecode.c.objc; path = NNCollectionViewCocoaTouchCollection.m; sourceTree = "<group>"; };
		A7C5F5B419042CAE0087C063 /* ArrayDiffTests-Prefix.pch */ = {isa = PBXFileReference; lastKnownFileType = sourcecode.c.h; path = "ArrayDiffTests-Prefix.pch"; sourceTree = "<group>"; };
		A7C5F5B519042DE10087C063 /* NNArrayDiffSpec.m */ = {isa = PBXFileReference; fileEncoding = 4; lastKnownFileType = sourcecode.c.objc; path = NNArrayDiffSpec.m; sourceTree = "<group>"; };
		A7C5F5B719044D570087C063 /* NNTestItem.h */ = {isa = PBXFileReference; fileEncoding = 4; lastKnownFileType = sourcecode.c.h; path = NNTestItem.h; sourceTree = "<group>"; };
		A7C5F5B819044D570087C063 /* NNTestItem.m */ = {isa = PBXFileReference; fileEncoding = 4; lastKnownFileType = sourcecode.c.objc; path = NNTestItem.m; sourceTree = "<group>"; };
		A7C5F5BD190454FB0087C063 /* NNArrayDiffValidator.h */ = {isa = PBXFileReference; fileEncoding = 4; lastKnownFileType = sourcecode.c.h; path = NNArrayDiffValidator.h; sourceTree = "<group>"; };
		A7C5F5BE190454FB0087C063 /* NNArrayDiffValidator.m */ = {isa = PBXFileReference; fileEncoding = 4; lastKnownFileType = sourcecode.c.objc; path = NNArrayDiffValidator.m; sourceTree = "<group>"; };
		A7C5F5C0190457330087C063 /* EXPMatchers+containIndex.h */ = {isa = PBXFileReference; fileEncoding = 4; lastKnownFileType = sourcecode.c.h; path = "EXPMatchers+containIndex.h"; sourceTree = "<group>"; };
		A7C5F5C1190457330087C063 /* EXPMatchers+containIndex.m */ = {isa = PBXFileReference; fileEncoding = 4; lastKnownFileType = sourcecode.c.objc; path = "EXPMatchers+containIndex.m"; sourceTree = "<group>"; };
		A7C5F5C319046B380087C063 /* NNSectionsDiffValidator.h */ = {isa = PBXFileReference; fileEncoding = 4; lastKnownFileType = sourcecode.c.h; path = NNSectionsDiffValidator.h; sourceTree = "<group>"; };
		A7C5F5C419046B380087C063 /* NNSectionsDiffValidator.m */ = {isa = PBXFileReference; fileEncoding = 4; lastKnownFileType = sourcecode.c.objc; path = NNSectionsDiffValidator.m; sourceTree = "<group>"; };
		A7C5F5C6190476FA0087C063 /* NNSectionData.h */ = {isa = PBXFileReference; fileEncoding = 4; lastKnownFileType = sourcecode.c.h; path = NNSectionData.h; sourceTree = "<group>"; };
		A7C5F5C7190476FA0087C063 /* NNSectionData.m */ = {isa = PBXFileReference; fileEncoding = 4; lastKnownFileType = sourcecode.c.objc; path = NNSectionData.m; sourceTree = "<group>"; };
		A7FFB45218FB184600510BF2 /* ArrayDiff.h */ = {isa = PBXFileReference; lastKnownFileType = sourcecode.c.h; path = ArrayDiff.h; sourceTree = "<group>"; };
/* End PBXFileReference section */

/* Begin PBXFrameworksBuildPhase section */
		A792C70A18F98A780095EA22 /* Frameworks */ = {
			isa = PBXFrameworksBuildPhase;
			buildActionMask = 2147483647;
			files = (
				A792C71118F98A780095EA22 /* Foundation.framework in Frameworks */,
			);
			runOnlyForDeploymentPostprocessing = 0;
		};
		A792C71A18F98A780095EA22 /* Frameworks */ = {
			isa = PBXFrameworksBuildPhase;
			buildActionMask = 2147483647;
			files = (
				A792C72518F98A780095EA22 /* libArrayDiff.a in Frameworks */,
				A792C71F18F98A780095EA22 /* XCTest.framework in Frameworks */,
				A792C72218F98A780095EA22 /* UIKit.framework in Frameworks */,
				A792C72018F98A780095EA22 /* Foundation.framework in Frameworks */,
				57FD1278D3C549E598593857 /* libPods-ArrayDiffTests.a in Frameworks */,
			);
			runOnlyForDeploymentPostprocessing = 0;
		};
/* End PBXFrameworksBuildPhase section */

/* Begin PBXGroup section */
		A792C70418F98A780095EA22 = {
			isa = PBXGroup;
			children = (
				A792C71218F98A780095EA22 /* ArrayDiff */,
				A792C72618F98A780095EA22 /* ArrayDiffTests */,
				A792C70F18F98A780095EA22 /* Frameworks */,
				A792C70E18F98A780095EA22 /* Products */,
				4147C0C5A90C43E6AC6294DC /* Pods-ArrayDiffTests.xcconfig */,
			);
			sourceTree = "<group>";
		};
		A792C70E18F98A780095EA22 /* Products */ = {
			isa = PBXGroup;
			children = (
				A792C70D18F98A780095EA22 /* libArrayDiff.a */,
				A792C71D18F98A780095EA22 /* ArrayDiffTests.xctest */,
			);
			name = Products;
			sourceTree = "<group>";
		};
		A792C70F18F98A780095EA22 /* Frameworks */ = {
			isa = PBXGroup;
			children = (
				A792C71018F98A780095EA22 /* Foundation.framework */,
				A792C71E18F98A780095EA22 /* XCTest.framework */,
				A792C72118F98A780095EA22 /* UIKit.framework */,
				4C1E69DA8B464A3F8AC22FCF /* libPods-ArrayDiffTests.a */,
			);
			name = Frameworks;
			sourceTree = "<group>";
		};
		A792C71218F98A780095EA22 /* ArrayDiff */ = {
			isa = PBXGroup;
			children = (
				A792C74F18F9EBA90095EA22 /* CoreData */,
				A792C75218F9EBA90095EA22 /* UIKit */,
				A7FFB45218FB184600510BF2 /* ArrayDiff.h */,
				A792C71518F98A780095EA22 /* NNArrayDiff.h */,
				A792C71718F98A780095EA22 /* NNArrayDiff.m */,
				A718306018FB431F00245806 /* NNArrayDiffChange.h */,
				A718306118FB431F00245806 /* NNArrayDiffChange.m */,
				A792C73618F99B420095EA22 /* NNSectionsDiff.h */,
				A792C73718F99B420095EA22 /* NNSectionsDiff.m */,
				A718306318FB49FA00245806 /* NNSectionsDiffChange.h */,
				A718306418FB49FA00245806 /* NNSectionsDiffChange.m */,
				A7C5F5C6190476FA0087C063 /* NNSectionData.h */,
				A7C5F5C7190476FA0087C063 /* NNSectionData.m */,
				A792C71318F98A780095EA22 /* Supporting Files */,
			);
			path = ArrayDiff;
			sourceTree = "<group>";
		};
		A792C71318F98A780095EA22 /* Supporting Files */ = {
			isa = PBXGroup;
			children = (
				A792C71418F98A780095EA22 /* ArrayDiff-Prefix.pch */,
			);
			name = "Supporting Files";
			sourceTree = "<group>";
		};
		A792C72618F98A780095EA22 /* ArrayDiffTests */ = {
			isa = PBXGroup;
			children = (
				A7C5F5B319042C2B0087C063 /* Specs */,
				A792C72718F98A780095EA22 /* Supporting Files */,
			);
			path = ArrayDiffTests;
			sourceTree = "<group>";
		};
		A792C72718F98A780095EA22 /* Supporting Files */ = {
			isa = PBXGroup;
			children = (
				A7C5F5C0190457330087C063 /* EXPMatchers+containIndex.h */,
				A7C5F5C1190457330087C063 /* EXPMatchers+containIndex.m */,
				A7C5F5B719044D570087C063 /* NNTestItem.h */,
				A7C5F5B819044D570087C063 /* NNTestItem.m */,
				A7C5F5BD190454FB0087C063 /* NNArrayDiffValidator.h */,
				A7C5F5BE190454FB0087C063 /* NNArrayDiffValidator.m */,
				A7C5F5C319046B380087C063 /* NNSectionsDiffValidator.h */,
				A7C5F5C419046B380087C063 /* NNSectionsDiffValidator.m */,
				A792C72818F98A780095EA22 /* ArrayDiffTests-Info.plist */,
				A7C5F5B419042CAE0087C063 /* ArrayDiffTests-Prefix.pch */,
				A792C72918F98A780095EA22 /* InfoPlist.strings */,
			);
			name = "Supporting Files";
			sourceTree = "<group>";
		};
		A792C74F18F9EBA90095EA22 /* CoreData */ = {
			isa = PBXGroup;
			children = (
				A792C75018F9EBA90095EA22 /* NNFetchedResultsControllerDiffAdapter.h */,
				A792C75118F9EBA90095EA22 /* NNFetchedResultsControllerDiffAdapter.m */,
			);
			path = CoreData;
			sourceTree = "<group>";
		};
		A792C75218F9EBA90095EA22 /* UIKit */ = {
			isa = PBXGroup;
			children = (
				A7C5F5A31903CC0F0087C063 /* Private */,
				A7C5F5A21903CAA00087C063 /* NNDiffReloadOptions.h */,
				A792C75518F9EBA90095EA22 /* UITableView+NNSectionsDiff.h */,
				A792C75618F9EBA90095EA22 /* UITableView+NNSectionsDiff.m */,
				A792C75318F9EBA90095EA22 /* UICollectionView+NNSectionsDiff.h */,
				A792C75418F9EBA90095EA22 /* UICollectionView+NNSectionsDiff.m */,
			);
			path = UIKit;
			sourceTree = "<group>";
		};
		A7C5F5A31903CC0F0087C063 /* Private */ = {
			isa = PBXGroup;
			children = (
				A7C5F5A71903CC200087C063 /* NNCocoaTouchCollection.h */,
				A7C5F5A81903CC4B0087C063 /* NNTableViewCocoaTouchCollection.h */,
				A7C5F5A91903CC4B0087C063 /* NNTableViewCocoaTouchCollection.m */,
				A7C5F5AB1903CD770087C063 /* NNCollectionViewCocoaTouchCollection.h */,
				A7C5F5AC1903CD770087C063 /* NNCollectionViewCocoaTouchCollection.m */,
				A741ECC0190C814000197F44 /* NNCocoaTouchCollectionReloader.h */,
				A741ECC1190C814000197F44 /* NNCocoaTouchCollectionReloader.m */,
				A741ECC3190C862E00197F44 /* NNSectionsDiffTracker.h */,
				A741ECC4190C862E00197F44 /* NNSectionsDiffTracker.m */,
			);
			path = Private;
			sourceTree = "<group>";
		};
		A7C5F5B319042C2B0087C063 /* Specs */ = {
			isa = PBXGroup;
			children = (
				A7C5F5B519042DE10087C063 /* NNArrayDiffSpec.m */,
			);
			path = Specs;
			sourceTree = "<group>";
		};
/* End PBXGroup section */

/* Begin PBXNativeTarget section */
		A792C70C18F98A780095EA22 /* ArrayDiff */ = {
			isa = PBXNativeTarget;
			buildConfigurationList = A792C73018F98A780095EA22 /* Build configuration list for PBXNativeTarget "ArrayDiff" */;
			buildPhases = (
				A792C70918F98A780095EA22 /* Sources */,
				A792C70A18F98A780095EA22 /* Frameworks */,
				A792C70B18F98A780095EA22 /* CopyFiles */,
			);
			buildRules = (
			);
			dependencies = (
			);
			name = ArrayDiff;
			productName = ArrayDiff;
			productReference = A792C70D18F98A780095EA22 /* libArrayDiff.a */;
			productType = "com.apple.product-type.library.static";
		};
		A792C71C18F98A780095EA22 /* ArrayDiffTests */ = {
			isa = PBXNativeTarget;
			buildConfigurationList = A792C73318F98A780095EA22 /* Build configuration list for PBXNativeTarget "ArrayDiffTests" */;
			buildPhases = (
				8E9C55A56DBE4A57992F8818 /* Check Pods Manifest.lock */,
				A792C71918F98A780095EA22 /* Sources */,
				A792C71A18F98A780095EA22 /* Frameworks */,
				A792C71B18F98A780095EA22 /* Resources */,
				547551E35DAE4AFEB1C482CB /* Copy Pods Resources */,
			);
			buildRules = (
			);
			dependencies = (
				A792C72418F98A780095EA22 /* PBXTargetDependency */,
			);
			name = ArrayDiffTests;
			productName = ArrayDiffTests;
			productReference = A792C71D18F98A780095EA22 /* ArrayDiffTests.xctest */;
			productType = "com.apple.product-type.bundle.unit-test";
		};
/* End PBXNativeTarget section */

/* Begin PBXProject section */
		A792C70518F98A780095EA22 /* Project object */ = {
			isa = PBXProject;
			attributes = {
				LastUpgradeCheck = 0510;
				ORGANIZATIONNAME = "Nick Tymchenko";
			};
			buildConfigurationList = A792C70818F98A780095EA22 /* Build configuration list for PBXProject "ArrayDiff" */;
			compatibilityVersion = "Xcode 3.2";
			developmentRegion = English;
			hasScannedForEncodings = 0;
			knownRegions = (
				en,
			);
			mainGroup = A792C70418F98A780095EA22;
			productRefGroup = A792C70E18F98A780095EA22 /* Products */;
			projectDirPath = "";
			projectRoot = "";
			targets = (
				A792C70C18F98A780095EA22 /* ArrayDiff */,
				A792C71C18F98A780095EA22 /* ArrayDiffTests */,
			);
		};
/* End PBXProject section */

/* Begin PBXResourcesBuildPhase section */
		A792C71B18F98A780095EA22 /* Resources */ = {
			isa = PBXResourcesBuildPhase;
			buildActionMask = 2147483647;
			files = (
				A792C72B18F98A780095EA22 /* InfoPlist.strings in Resources */,
			);
			runOnlyForDeploymentPostprocessing = 0;
		};
/* End PBXResourcesBuildPhase section */

/* Begin PBXShellScriptBuildPhase section */
		547551E35DAE4AFEB1C482CB /* Copy Pods Resources */ = {
			isa = PBXShellScriptBuildPhase;
			buildActionMask = 2147483647;
			files = (
			);
			inputPaths = (
			);
			name = "Copy Pods Resources";
			outputPaths = (
			);
			runOnlyForDeploymentPostprocessing = 0;
			shellPath = /bin/sh;
			shellScript = "\"${SRCROOT}/Pods/Pods-ArrayDiffTests-resources.sh\"\n";
			showEnvVarsInLog = 0;
		};
		8E9C55A56DBE4A57992F8818 /* Check Pods Manifest.lock */ = {
			isa = PBXShellScriptBuildPhase;
			buildActionMask = 2147483647;
			files = (
			);
			inputPaths = (
			);
			name = "Check Pods Manifest.lock";
			outputPaths = (
			);
			runOnlyForDeploymentPostprocessing = 0;
			shellPath = /bin/sh;
			shellScript = "diff \"${PODS_ROOT}/../Podfile.lock\" \"${PODS_ROOT}/Manifest.lock\" > /dev/null\nif [[ $? != 0 ]] ; then\n    cat << EOM\nerror: The sandbox is not in sync with the Podfile.lock. Run 'pod install' or update your CocoaPods installation.\nEOM\n    exit 1\nfi\n";
			showEnvVarsInLog = 0;
		};
/* End PBXShellScriptBuildPhase section */

/* Begin PBXSourcesBuildPhase section */
		A792C70918F98A780095EA22 /* Sources */ = {
			isa = PBXSourcesBuildPhase;
			buildActionMask = 2147483647;
			files = (
				A792C73C18F99B420095EA22 /* NNSectionsDiff.m in Sources */,
				A792C75918F9EBA90095EA22 /* UITableView+NNSectionsDiff.m in Sources */,
				A792C75818F9EBA90095EA22 /* UICollectionView+NNSectionsDiff.m in Sources */,
				A718306518FB49FA00245806 /* NNSectionsDiffChange.m in Sources */,
				A792C71818F98A780095EA22 /* NNArrayDiff.m in Sources */,
				A7C5F5AA1903CC4B0087C063 /* NNTableViewCocoaTouchCollection.m in Sources */,
				A741ECC2190C814000197F44 /* NNCocoaTouchCollectionReloader.m in Sources */,
				A741ECC5190C862E00197F44 /* NNSectionsDiffTracker.m in Sources */,
				A7C5F5AD1903CD770087C063 /* NNCollectionViewCocoaTouchCollection.m in Sources */,
				A718306218FB431F00245806 /* NNArrayDiffChange.m in Sources */,
				A7C5F5C8190476FA0087C063 /* NNSectionData.m in Sources */,
				A792C75718F9EBA90095EA22 /* NNFetchedResultsControllerDiffAdapter.m in Sources */,
			);
			runOnlyForDeploymentPostprocessing = 0;
		};
		A792C71918F98A780095EA22 /* Sources */ = {
			isa = PBXSourcesBuildPhase;
			buildActionMask = 2147483647;
			files = (
				A7C5F5BF190454FB0087C063 /* NNArrayDiffValidator.m in Sources */,
				A7C5F5B919044D570087C063 /* NNTestItem.m in Sources */,
				A7C5F5B619042DE10087C063 /* NNArrayDiffSpec.m in Sources */,
				A7C5F5C2190457330087C063 /* EXPMatchers+containIndex.m in Sources */,
				A7C5F5C519046B380087C063 /* NNSectionsDiffValidator.m in Sources */,
			);
			runOnlyForDeploymentPostprocessing = 0;
		};
/* End PBXSourcesBuildPhase section */

/* Begin PBXTargetDependency section */
		A792C72418F98A780095EA22 /* PBXTargetDependency */ = {
			isa = PBXTargetDependency;
			target = A792C70C18F98A780095EA22 /* ArrayDiff */;
			targetProxy = A792C72318F98A780095EA22 /* PBXContainerItemProxy */;
		};
/* End PBXTargetDependency section */

/* Begin PBXVariantGroup section */
		A792C72918F98A780095EA22 /* InfoPlist.strings */ = {
			isa = PBXVariantGroup;
			children = (
				A792C72A18F98A780095EA22 /* en */,
			);
			name = InfoPlist.strings;
			sourceTree = "<group>";
		};
/* End PBXVariantGroup section */

/* Begin XCBuildConfiguration section */
		A792C72E18F98A780095EA22 /* Debug */ = {
			isa = XCBuildConfiguration;
			buildSettings = {
				ALWAYS_SEARCH_USER_PATHS = NO;
				CLANG_CXX_LANGUAGE_STANDARD = "gnu++0x";
				CLANG_CXX_LIBRARY = "libc++";
				CLANG_ENABLE_MODULES = YES;
				CLANG_ENABLE_OBJC_ARC = YES;
				CLANG_WARN_BOOL_CONVERSION = YES;
				CLANG_WARN_CONSTANT_CONVERSION = YES;
				CLANG_WARN_DIRECT_OBJC_ISA_USAGE = YES_ERROR;
				CLANG_WARN_EMPTY_BODY = YES;
				CLANG_WARN_ENUM_CONVERSION = YES;
				CLANG_WARN_INT_CONVERSION = YES;
				CLANG_WARN_OBJC_ROOT_CLASS = YES_ERROR;
				CLANG_WARN__DUPLICATE_METHOD_MATCH = YES;
				COPY_PHASE_STRIP = NO;
				GCC_C_LANGUAGE_STANDARD = gnu99;
				GCC_DYNAMIC_NO_PIC = NO;
				GCC_OPTIMIZATION_LEVEL = 0;
				GCC_PREPROCESSOR_DEFINITIONS = (
					"DEBUG=1",
					"$(inherited)",
				);
				GCC_SYMBOLS_PRIVATE_EXTERN = NO;
				GCC_WARN_64_TO_32_BIT_CONVERSION = YES;
				GCC_WARN_ABOUT_RETURN_TYPE = YES_ERROR;
				GCC_WARN_UNDECLARED_SELECTOR = YES;
				GCC_WARN_UNINITIALIZED_AUTOS = YES_AGGRESSIVE;
				GCC_WARN_UNUSED_FUNCTION = YES;
				GCC_WARN_UNUSED_VARIABLE = YES;
				IPHONEOS_DEPLOYMENT_TARGET = 7.1;
				ONLY_ACTIVE_ARCH = YES;
				SDKROOT = iphoneos;
			};
			name = Debug;
		};
		A792C72F18F98A780095EA22 /* Release */ = {
			isa = XCBuildConfiguration;
			buildSettings = {
				ALWAYS_SEARCH_USER_PATHS = NO;
				CLANG_CXX_LANGUAGE_STANDARD = "gnu++0x";
				CLANG_CXX_LIBRARY = "libc++";
				CLANG_ENABLE_MODULES = YES;
				CLANG_ENABLE_OBJC_ARC = YES;
				CLANG_WARN_BOOL_CONVERSION = YES;
				CLANG_WARN_CONSTANT_CONVERSION = YES;
				CLANG_WARN_DIRECT_OBJC_ISA_USAGE = YES_ERROR;
				CLANG_WARN_EMPTY_BODY = YES;
				CLANG_WARN_ENUM_CONVERSION = YES;
				CLANG_WARN_INT_CONVERSION = YES;
				CLANG_WARN_OBJC_ROOT_CLASS = YES_ERROR;
				CLANG_WARN__DUPLICATE_METHOD_MATCH = YES;
				COPY_PHASE_STRIP = YES;
				ENABLE_NS_ASSERTIONS = NO;
				GCC_C_LANGUAGE_STANDARD = gnu99;
				GCC_WARN_64_TO_32_BIT_CONVERSION = YES;
				GCC_WARN_ABOUT_RETURN_TYPE = YES_ERROR;
				GCC_WARN_UNDECLARED_SELECTOR = YES;
				GCC_WARN_UNINITIALIZED_AUTOS = YES_AGGRESSIVE;
				GCC_WARN_UNUSED_FUNCTION = YES;
				GCC_WARN_UNUSED_VARIABLE = YES;
				IPHONEOS_DEPLOYMENT_TARGET = 7.1;
				SDKROOT = iphoneos;
				VALIDATE_PRODUCT = YES;
			};
			name = Release;
		};
		A792C73118F98A780095EA22 /* Debug */ = {
			isa = XCBuildConfiguration;
			buildSettings = {
				DSTROOT = /tmp/ArrayDiff.dst;
				GCC_PRECOMPILE_PREFIX_HEADER = YES;
				GCC_PREFIX_HEADER = "ArrayDiff/ArrayDiff-Prefix.pch";
				IPHONEOS_DEPLOYMENT_TARGET = 6.0;
				OTHER_LDFLAGS = "-ObjC";
				PRODUCT_NAME = "$(TARGET_NAME)";
				SKIP_INSTALL = YES;
			};
			name = Debug;
		};
		A792C73218F98A780095EA22 /* Release */ = {
			isa = XCBuildConfiguration;
			buildSettings = {
				DSTROOT = /tmp/ArrayDiff.dst;
				GCC_PRECOMPILE_PREFIX_HEADER = YES;
				GCC_PREFIX_HEADER = "ArrayDiff/ArrayDiff-Prefix.pch";
				IPHONEOS_DEPLOYMENT_TARGET = 6.0;
				OTHER_LDFLAGS = "-ObjC";
				PRODUCT_NAME = "$(TARGET_NAME)";
				SKIP_INSTALL = YES;
			};
			name = Release;
		};
		A792C73418F98A780095EA22 /* Debug */ = {
			isa = XCBuildConfiguration;
			baseConfigurationReference = 4147C0C5A90C43E6AC6294DC /* Pods-ArrayDiffTests.xcconfig */;
			buildSettings = {
				FRAMEWORK_SEARCH_PATHS = (
					"$(SDKROOT)/Developer/Library/Frameworks",
					"$(inherited)",
					"$(DEVELOPER_FRAMEWORKS_DIR)",
				);
				GCC_PRECOMPILE_PREFIX_HEADER = YES;
				GCC_PREFIX_HEADER = "ArrayDiffTests/ArrayDiffTests-Prefix.pch";
				GCC_PREPROCESSOR_DEFINITIONS = (
					"DEBUG=1",
					"$(inherited)",
				);
				INFOPLIST_FILE = "ArrayDiffTests/ArrayDiffTests-Info.plist";
				PRODUCT_NAME = "$(TARGET_NAME)";
				WRAPPER_EXTENSION = xctest;
			};
			name = Debug;
		};
		A792C73518F98A780095EA22 /* Release */ = {
			isa = XCBuildConfiguration;
			baseConfigurationReference = 4147C0C5A90C43E6AC6294DC /* Pods-ArrayDiffTests.xcconfig */;
			buildSettings = {
				FRAMEWORK_SEARCH_PATHS = (
					"$(SDKROOT)/Developer/Library/Frameworks",
					"$(inherited)",
					"$(DEVELOPER_FRAMEWORKS_DIR)",
				);
				GCC_PRECOMPILE_PREFIX_HEADER = YES;
				GCC_PREFIX_HEADER = "ArrayDiffTests/ArrayDiffTests-Prefix.pch";
				INFOPLIST_FILE = "ArrayDiffTests/ArrayDiffTests-Info.plist";
				PRODUCT_NAME = "$(TARGET_NAME)";
				WRAPPER_EXTENSION = xctest;
			};
			name = Release;
		};
/* End XCBuildConfiguration section */

/* Begin XCConfigurationList section */
		A792C70818F98A780095EA22 /* Build configuration list for PBXProject "ArrayDiff" */ = {
			isa = XCConfigurationList;
			buildConfigurations = (
				A792C72E18F98A780095EA22 /* Debug */,
				A792C72F18F98A780095EA22 /* Release */,
			);
			defaultConfigurationIsVisible = 0;
			defaultConfigurationName = Release;
		};
		A792C73018F98A780095EA22 /* Build configuration list for PBXNativeTarget "ArrayDiff" */ = {
			isa = XCConfigurationList;
			buildConfigurations = (
				A792C73118F98A780095EA22 /* Debug */,
				A792C73218F98A780095EA22 /* Release */,
			);
			defaultConfigurationIsVisible = 0;
			defaultConfigurationName = Release;
		};
		A792C73318F98A780095EA22 /* Build configuration list for PBXNativeTarget "ArrayDiffTests" */ = {
			isa = XCConfigurationList;
			buildConfigurations = (
				A792C73418F98A780095EA22 /* Debug */,
				A792C73518F98A780095EA22 /* Release */,
			);
			defaultConfigurationIsVisible = 0;
			defaultConfigurationName = Release;
		};
/* End XCConfigurationList section */
	};
	rootObject = A792C70518F98A780095EA22 /* Project object */;
}
